
Microsoft Visual Studio Solution File, Format Version 12.00
# Visual Studio Version 16
VisualStudioVersion = 16.0.31129.286
MinimumVisualStudioVersion = 10.0.40219.1
Project("{C7167F0D-BC9F-4E6E-AFE1-012C56B48DB5}") = "WapProject", "WapProject\WapProject.wapproj", "{EE5EE865-5E5D-4413-8062-C9A49D238238}"
EndProject
Project("{FAE04EC0-301F-11D3-BF4B-00C04F79EFBC}") = "UwpApp", "UwpApp\UwpApp.csproj", "{1CD00BC8-9260-4863-B74D-A88BD654D764}"
EndProject
Project("{FAE04EC0-301F-11D3-BF4B-00C04F79EFBC}") = "ConsoleApp", "ConsoleApp\ConsoleApp.csproj", "{121DC97F-C905-49E5-BACF-BC426F356EED}"
	ProjectSection(ProjectDependencies) = postProject
		{FCA95E19-1173-4EC8-8060-ADA268B752B8} = {FCA95E19-1173-4EC8-8060-ADA268B752B8}
	EndProjectSection
EndProject
Project("{8BC9CEB8-8B4A-11D0-8D11-00A0C91BC942}") = "NativeDLL", "NativeDLL\NativeDLL.vcxproj", "{FCA95E19-1173-4EC8-8060-ADA268B752B8}"
EndProject
Global
	GlobalSection(SolutionConfigurationPlatforms) = preSolution
		Debug|x64 = Debug|x64
		Debug|x86 = Debug|x86
		Release|x64 = Release|x64
		Release|x86 = Release|x86
	EndGlobalSection
	GlobalSection(ProjectConfigurationPlatforms) = postSolution
		{EE5EE865-5E5D-4413-8062-C9A49D238238}.Debug|x64.ActiveCfg = Debug|x64
		{EE5EE865-5E5D-4413-8062-C9A49D238238}.Debug|x64.Build.0 = Debug|x64
		{EE5EE865-5E5D-4413-8062-C9A49D238238}.Debug|x64.Deploy.0 = Debug|x64
		{EE5EE865-5E5D-4413-8062-C9A49D238238}.Debug|x86.ActiveCfg = Debug|x86
		{EE5EE865-5E5D-4413-8062-C9A49D238238}.Debug|x86.Build.0 = Debug|x86
		{EE5EE865-5E5D-4413-8062-C9A49D238238}.Debug|x86.Deploy.0 = Debug|x86
		{EE5EE865-5E5D-4413-8062-C9A49D238238}.Release|x64.ActiveCfg = Release|x64
		{EE5EE865-5E5D-4413-8062-C9A49D238238}.Release|x64.Build.0 = Release|x64
		{EE5EE865-5E5D-4413-8062-C9A49D238238}.Release|x64.Deploy.0 = Release|x64
		{EE5EE865-5E5D-4413-8062-C9A49D238238}.Release|x86.ActiveCfg = Release|x86
		{EE5EE865-5E5D-4413-8062-C9A49D238238}.Release|x86.Build.0 = Release|x86
		{EE5EE865-5E5D-4413-8062-C9A49D238238}.Release|x86.Deploy.0 = Release|x86
		{1CD00BC8-9260-4863-B74D-A88BD654D764}.Debug|x64.ActiveCfg = Debug|x64
		{1CD00BC8-9260-4863-B74D-A88BD654D764}.Debug|x64.Build.0 = Debug|x64
		{1CD00BC8-9260-4863-B74D-A88BD654D764}.Debug|x86.ActiveCfg = Debug|x86
		{1CD00BC8-9260-4863-B74D-A88BD654D764}.Debug|x86.Build.0 = Debug|x86
		{1CD00BC8-9260-4863-B74D-A88BD654D764}.Release|x64.ActiveCfg = Release|x64
		{1CD00BC8-9260-4863-B74D-A88BD654D764}.Release|x64.Build.0 = Release|x64
		{1CD00BC8-9260-4863-B74D-A88BD654D764}.Release|x86.ActiveCfg = Release|x86
		{1CD00BC8-9260-4863-B74D-A88BD654D764}.Release|x86.Build.0 = Release|x86
		{121DC97F-C905-49E5-BACF-BC426F356EED}.Debug|x64.ActiveCfg = Debug|Any CPU
		{121DC97F-C905-49E5-BACF-BC426F356EED}.Debug|x64.Build.0 = Debug|Any CPU
		{121DC97F-C905-49E5-BACF-BC426F356EED}.Debug|x86.ActiveCfg = Debug|Any CPU
		{121DC97F-C905-49E5-BACF-BC426F356EED}.Debug|x86.Build.0 = Debug|Any CPU
		{121DC97F-C905-49E5-BACF-BC426F356EED}.Release|x64.ActiveCfg = Release|Any CPU
		{121DC97F-C905-49E5-BACF-BC426F356EED}.Release|x64.Build.0 = Release|Any CPU
		{121DC97F-C905-49E5-BACF-BC426F356EED}.Release|x86.ActiveCfg = Release|Any CPU
		{121DC97F-C905-49E5-BACF-BC426F356EED}.Release|x86.Build.0 = Release|Any CPU
		{FCA95E19-1173-4EC8-8060-ADA268B752B8}.Debug|x64.ActiveCfg = Debug|Win32
		{FCA95E19-1173-4EC8-8060-ADA268B752B8}.Debug|x64.Build.0 = Debug|Win32
		{FCA95E19-1173-4EC8-8060-ADA268B752B8}.Debug|x86.ActiveCfg = Debug|Win32
		{FCA95E19-1173-4EC8-8060-ADA268B752B8}.Debug|x86.Build.0 = Debug|Win32
		{FCA95E19-1173-4EC8-8060-ADA268B752B8}.Release|x64.ActiveCfg = Release|Win32
		{FCA95E19-1173-4EC8-8060-ADA268B752B8}.Release|x86.ActiveCfg = Release|Win32
		{FCA95E19-1173-4EC8-8060-ADA268B752B8}.Release|x86.Build.0 = Release|Win32
	EndGlobalSection
	GlobalSection(SolutionProperties) = preSolution
		HideSolutionNode = FALSE
	EndGlobalSection
	GlobalSection(ExtensibilityGlobals) = postSolution
		SolutionGuid = {CF444801-6C7C-4406-835A-62AD1DD39834}
	EndGlobalSection
EndGlobal
